// !$*UTF8*$!
{
	archiveVersion = 1;
	classes = {
	};
	objectVersion = 55;
	objects = {

/* Begin PBXBuildFile section */
		82DD1FA6285BF5A8009A44DB /* AppDelegate.swift in Sources */ = {isa = PBXBuildFile; fileRef = 82DD1FA5285BF5A8009A44DB /* AppDelegate.swift */; };
		82DD1FA8285BF5A8009A44DB /* SceneDelegate.swift in Sources */ = {isa = PBXBuildFile; fileRef = 82DD1FA7285BF5A8009A44DB /* SceneDelegate.swift */; };
		82DD1FAA285BF5A8009A44DB /* ViewController.swift in Sources */ = {isa = PBXBuildFile; fileRef = 82DD1FA9285BF5A8009A44DB /* ViewController.swift */; };
		82DD1FAD285BF5A8009A44DB /* Main.storyboard in Resources */ = {isa = PBXBuildFile; fileRef = 82DD1FAB285BF5A8009A44DB /* Main.storyboard */; };
		82DD1FAF285BF5A9009A44DB /* Assets.xcassets in Resources */ = {isa = PBXBuildFile; fileRef = 82DD1FAE285BF5A9009A44DB /* Assets.xcassets */; };
		82DD1FB2285BF5A9009A44DB /* LaunchScreen.storyboard in Resources */ = {isa = PBXBuildFile; fileRef = 82DD1FB0285BF5A9009A44DB /* LaunchScreen.storyboard */; };
		82DD1FBD285BF5A9009A44DB /* SamoleQuizTests.swift in Sources */ = {isa = PBXBuildFile; fileRef = 82DD1FBC285BF5A9009A44DB /* SamoleQuizTests.swift */; };
		82DD1FC7285BF5A9009A44DB /* SamoleQuizUITests.swift in Sources */ = {isa = PBXBuildFile; fileRef = 82DD1FC6285BF5A9009A44DB /* SamoleQuizUITests.swift */; };
		82DD1FC9285BF5A9009A44DB /* SamoleQuizUITestsLaunchTests.swift in Sources */ = {isa = PBXBuildFile; fileRef = 82DD1FC8285BF5A9009A44DB /* SamoleQuizUITestsLaunchTests.swift */; };
		82DD1FD6285BF6DC009A44DB /* QuizViewController.swift in Sources */ = {isa = PBXBuildFile; fileRef = 82DD1FD5285BF6DC009A44DB /* QuizViewController.swift */; };
		82DD1FD8285BF766009A44DB /* ScoreViewController.swift in Sources */ = {isa = PBXBuildFile; fileRef = 82DD1FD7285BF766009A44DB /* ScoreViewController.swift */; };
		82DD1FDA285BFC2C009A44DB /* quiz.csv in Resources */ = {isa = PBXBuildFile; fileRef = 82DD1FD9285BFC2C009A44DB /* quiz.csv */; };
/* End PBXBuildFile section */

/* Begin PBXContainerItemProxy section */
		82DD1FB9285BF5A9009A44DB /* PBXContainerItemProxy */ = {
			isa = PBXContainerItemProxy;
			containerPortal = 82DD1F9A285BF5A8009A44DB /* Project object */;
			proxyType = 1;
			remoteGlobalIDString = 82DD1FA1285BF5A8009A44DB;
			remoteInfo = SamoleQuiz;
		};
		82DD1FC3285BF5A9009A44DB /* PBXContainerItemProxy */ = {
			isa = PBXContainerItemProxy;
			containerPortal = 82DD1F9A285BF5A8009A44DB /* Project object */;
			proxyType = 1;
			remoteGlobalIDString = 82DD1FA1285BF5A8009A44DB;
			remoteInfo = SamoleQuiz;
		};
/* End PBXContainerItemProxy section */

/* Begin PBXFileReference section */
		82DD1FA2285BF5A8009A44DB /* SamoleQuiz.app */ = {isa = PBXFileReference; explicitFileType = wrapper.application; includeInIndex = 0; path = SamoleQuiz.app; sourceTree = BUILT_PRODUCTS_DIR; };
		82DD1FA5285BF5A8009A44DB /* AppDelegate.swift */ = {isa = PBXFileReference; lastKnownFileType = sourcecode.swift; path = AppDelegate.swift; sourceTree = "<group>"; };
		82DD1FA7285BF5A8009A44DB /* SceneDelegate.swift */ = {isa = PBXFileReference; lastKnownFileType = sourcecode.swift; path = SceneDelegate.swift; sourceTree = "<group>"; };
		82DD1FA9285BF5A8009A44DB /* ViewController.swift */ = {isa = PBXFileReference; lastKnownFileType = sourcecode.swift; path = ViewController.swift; sourceTree = "<group>"; };
		82DD1FAC285BF5A8009A44DB /* Base */ = {isa = PBXFileReference; lastKnownFileType = file.storyboard; name = Base; path = Base.lproj/Main.storyboard; sourceTree = "<group>"; };
		82DD1FAE285BF5A9009A44DB /* Assets.xcassets */ = {isa = PBXFileReference; lastKnownFileType = folder.assetcatalog; path = Assets.xcassets; sourceTree = "<group>"; };
		82DD1FB1285BF5A9009A44DB /* Base */ = {isa = PBXFileReference; lastKnownFileType = file.storyboard; name = Base; path = Base.lproj/LaunchScreen.storyboard; sourceTree = "<group>"; };
		82DD1FB3285BF5A9009A44DB /* Info.plist */ = {isa = PBXFileReference; lastKnownFileType = text.plist.xml; path = Info.plist; sourceTree = "<group>"; };
		82DD1FB8285BF5A9009A44DB /* SamoleQuizTests.xctest */ = {isa = PBXFileReference; explicitFileType = wrapper.cfbundle; includeInIndex = 0; path = SamoleQuizTests.xctest; sourceTree = BUILT_PRODUCTS_DIR; };
		82DD1FBC285BF5A9009A44DB /* SamoleQuizTests.swift */ = {isa = PBXFileReference; lastKnownFileType = sourcecode.swift; path = SamoleQuizTests.swift; sourceTree = "<group>"; };
		82DD1FC2285BF5A9009A44DB /* SamoleQuizUITests.xctest */ = {isa = PBXFileReference; explicitFileType = wrapper.cfbundle; includeInIndex = 0; path = SamoleQuizUITests.xctest; sourceTree = BUILT_PRODUCTS_DIR; };
		82DD1FC6285BF5A9009A44DB /* SamoleQuizUITests.swift */ = {isa = PBXFileReference; lastKnownFileType = sourcecode.swift; path = SamoleQuizUITests.swift; sourceTree = "<group>"; };
		82DD1FC8285BF5A9009A44DB /* SamoleQuizUITestsLaunchTests.swift */ = {isa = PBXFileReference; lastKnownFileType = sourcecode.swift; path = SamoleQuizUITestsLaunchTests.swift; sourceTree = "<group>"; };
		82DD1FD5285BF6DC009A44DB /* QuizViewController.swift */ = {isa = PBXFileReference; lastKnownFileType = sourcecode.swift; path = QuizViewController.swift; sourceTree = "<group>"; };
		82DD1FD7285BF766009A44DB /* ScoreViewController.swift */ = {isa = PBXFileReference; lastKnownFileType = sourcecode.swift; path = ScoreViewController.swift; sourceTree = "<group>"; };
		82DD1FD9285BFC2C009A44DB /* quiz.csv */ = {isa = PBXFileReference; lastKnownFileType = text; path = quiz.csv; sourceTree = "<group>"; };
/* End PBXFileReference section */

/* Begin PBXFrameworksBuildPhase section */
		82DD1F9F285BF5A8009A44DB /* Frameworks */ = {
			isa = PBXFrameworksBuildPhase;
			buildActionMask = 2147483647;
			files = (
			);
			runOnlyForDeploymentPostprocessing = 0;
		};
		82DD1FB5285BF5A9009A44DB /* Frameworks */ = {
			isa = PBXFrameworksBuildPhase;
			buildActionMask = 2147483647;
			files = (
			);
			runOnlyForDeploymentPostprocessing = 0;
		};
		82DD1FBF285BF5A9009A44DB /* Frameworks */ = {
			isa = PBXFrameworksBuildPhase;
			buildActionMask = 2147483647;
			files = (
			);
			runOnlyForDeploymentPostprocessing = 0;
		};
/* End PBXFrameworksBuildPhase section */

/* Begin PBXGroup section */
		82DD1F99285BF5A8009A44DB = {
			isa = PBXGroup;
			children = (
				82DD1FA4285BF5A8009A44DB /* SamoleQuiz */,
				82DD1FBB285BF5A9009A44DB /* SamoleQuizTests */,
				82DD1FC5285BF5A9009A44DB /* SamoleQuizUITests */,
				82DD1FA3285BF5A8009A44DB /* Products */,
			);
			sourceTree = "<group>";
		};
		82DD1FA3285BF5A8009A44DB /* Products */ = {
			isa = PBXGroup;
			children = (
				82DD1FA2285BF5A8009A44DB /* SamoleQuiz.app */,
				82DD1FB8285BF5A9009A44DB /* SamoleQuizTests.xctest */,
				82DD1FC2285BF5A9009A44DB /* SamoleQuizUITests.xctest */,
			);
			name = Products;
			sourceTree = "<group>";
		};
		82DD1FA4285BF5A8009A44DB /* SamoleQuiz */ = {
			isa = PBXGroup;
			children = (
				82DD1FA5285BF5A8009A44DB /* AppDelegate.swift */,
				82DD1FA7285BF5A8009A44DB /* SceneDelegate.swift */,
				82DD1FA9285BF5A8009A44DB /* ViewController.swift */,
				82DD1FD5285BF6DC009A44DB /* QuizViewController.swift */,
				82DD1FD7285BF766009A44DB /* ScoreViewController.swift */,
				82DD1FAB285BF5A8009A44DB /* Main.storyboard */,
				82DD1FD9285BFC2C009A44DB /* quiz.csv */,
				82DD1FAE285BF5A9009A44DB /* Assets.xcassets */,
				82DD1FB0285BF5A9009A44DB /* LaunchScreen.storyboard */,
				82DD1FB3285BF5A9009A44DB /* Info.plist */,
			);
			path = SamoleQuiz;
			sourceTree = "<group>";
		};
		82DD1FBB285BF5A9009A44DB /* SamoleQuizTests */ = {
			isa = PBXGroup;
			children = (
				82DD1FBC285BF5A9009A44DB /* SamoleQuizTests.swift */,
			);
			path = SamoleQuizTests;
			sourceTree = "<group>";
		};
		82DD1FC5285BF5A9009A44DB /* SamoleQuizUITests */ = {
			isa = PBXGroup;
			children = (
				82DD1FC6285BF5A9009A44DB /* SamoleQuizUITests.swift */,
				82DD1FC8285BF5A9009A44DB /* SamoleQuizUITestsLaunchTests.swift */,
			);
			path = SamoleQuizUITests;
			sourceTree = "<group>";
		};
/* End PBXGroup section */

/* Begin PBXNativeTarget section */
		82DD1FA1285BF5A8009A44DB /* SamoleQuiz */ = {
			isa = PBXNativeTarget;
			buildConfigurationList = 82DD1FCC285BF5A9009A44DB /* Build configuration list for PBXNativeTarget "SamoleQuiz" */;
			buildPhases = (
				82DD1F9E285BF5A8009A44DB /* Sources */,
				82DD1F9F285BF5A8009A44DB /* Frameworks */,
				82DD1FA0285BF5A8009A44DB /* Resources */,
			);
			buildRules = (
			);
			dependencies = (
			);
			name = SamoleQuiz;
			productName = SamoleQuiz;
			productReference = 82DD1FA2285BF5A8009A44DB /* SamoleQuiz.app */;
			productType = "com.apple.product-type.application";
		};
		82DD1FB7285BF5A9009A44DB /* SamoleQuizTests */ = {
			isa = PBXNativeTarget;
			buildConfigurationList = 82DD1FCF285BF5A9009A44DB /* Build configuration list for PBXNativeTarget "SamoleQuizTests" */;
			buildPhases = (
				82DD1FB4285BF5A9009A44DB /* Sources */,
				82DD1FB5285BF5A9009A44DB /* Frameworks */,
				82DD1FB6285BF5A9009A44DB /* Resources */,
			);
			buildRules = (
			);
			dependencies = (
				82DD1FBA285BF5A9009A44DB /* PBXTargetDependency */,
			);
			name = SamoleQuizTests;
			productName = SamoleQuizTests;
			productReference = 82DD1FB8285BF5A9009A44DB /* SamoleQuizTests.xctest */;
			productType = "com.apple.product-type.bundle.unit-test";
		};
		82DD1FC1285BF5A9009A44DB /* SamoleQuizUITests */ = {
			isa = PBXNativeTarget;
			buildConfigurationList = 82DD1FD2285BF5A9009A44DB /* Build configuration list for PBXNativeTarget "SamoleQuizUITests" */;
			buildPhases = (
				82DD1FBE285BF5A9009A44DB /* Sources */,
				82DD1FBF285BF5A9009A44DB /* Frameworks */,
				82DD1FC0285BF5A9009A44DB /* Resources */,
			);
			buildRules = (
			);
			dependencies = (
				82DD1FC4285BF5A9009A44DB /* PBXTargetDependency */,
			);
			name = SamoleQuizUITests;
			productName = SamoleQuizUITests;
			productReference = 82DD1FC2285BF5A9009A44DB /* SamoleQuizUITests.xctest */;
			productType = "com.apple.product-type.bundle.ui-testing";
		};
/* End PBXNativeTarget section */

/* Begin PBXProject section */
		82DD1F9A285BF5A8009A44DB /* Project object */ = {
			isa = PBXProject;
			attributes = {
				BuildIndependentTargetsInParallel = 1;
				LastSwiftUpdateCheck = 1340;
				LastUpgradeCheck = 1340;
				TargetAttributes = {
					82DD1FA1285BF5A8009A44DB = {
						CreatedOnToolsVersion = 13.4.1;
					};
					82DD1FB7285BF5A9009A44DB = {
						CreatedOnToolsVersion = 13.4.1;
						TestTargetID = 82DD1FA1285BF5A8009A44DB;
					};
					82DD1FC1285BF5A9009A44DB = {
						CreatedOnToolsVersion = 13.4.1;
						TestTargetID = 82DD1FA1285BF5A8009A44DB;
					};
				};
			};
			buildConfigurationList = 82DD1F9D285BF5A8009A44DB /* Build configuration list for PBXProject "SamoleQuiz" */;
			compatibilityVersion = "Xcode 13.0";
			developmentRegion = en;
			hasScannedForEncodings = 0;
			knownRegions = (
				en,
				Base,
			);
			mainGroup = 82DD1F99285BF5A8009A44DB;
			productRefGroup = 82DD1FA3285BF5A8009A44DB /* Products */;
			projectDirPath = "";
			projectRoot = "";
			targets = (
				82DD1FA1285BF5A8009A44DB /* SamoleQuiz */,
				82DD1FB7285BF5A9009A44DB /* SamoleQuizTests */,
				82DD1FC1285BF5A9009A44DB /* SamoleQuizUITests */,
			);
		};
/* End PBXProject section */

/* Begin PBXResourcesBuildPhase section */
		82DD1FA0285BF5A8009A44DB /* Resources */ = {
			isa = PBXResourcesBuildPhase;
			buildActionMask = 2147483647;
			files = (
				82DD1FB2285BF5A9009A44DB /* LaunchScreen.storyboard in Resources */,
				82DD1FAF285BF5A9009A44DB /* Assets.xcassets in Resources */,
				82DD1FAD285BF5A8009A44DB /* Main.storyboard in Resources */,
				82DD1FDA285BFC2C009A44DB /* quiz.csv in Resources */,
			);
			runOnlyForDeploymentPostprocessing = 0;
		};
		82DD1FB6285BF5A9009A44DB /* Resources */ = {
			isa = PBXResourcesBuildPhase;
			buildActionMask = 2147483647;
			files = (
			);
			runOnlyForDeploymentPostprocessing = 0;
		};
		82DD1FC0285BF5A9009A44DB /* Resources */ = {
			isa = PBXResourcesBuildPhase;
			buildActionMask = 2147483647;
			files = (
			);
			runOnlyForDeploymentPostprocessing = 0;
		};
/* End PBXResourcesBuildPhase section */

/* Begin PBXSourcesBuildPhase section */
		82DD1F9E285BF5A8009A44DB /* Sources */ = {
			isa = PBXSourcesBuildPhase;
			buildActionMask = 2147483647;
			files = (
				82DD1FAA285BF5A8009A44DB /* ViewController.swift in Sources */,
				82DD1FA6285BF5A8009A44DB /* AppDelegate.swift in Sources */,
				82DD1FD8285BF766009A44DB /* ScoreViewController.swift in Sources */,
				82DD1FA8285BF5A8009A44DB /* SceneDelegate.swift in Sources */,
				82DD1FD6285BF6DC009A44DB /* QuizViewController.swift in Sources */,
			);
			runOnlyForDeploymentPostprocessing = 0;
		};
		82DD1FB4285BF5A9009A44DB /* Sources */ = {
			isa = PBXSourcesBuildPhase;
			buildActionMask = 2147483647;
			files = (
				82DD1FBD285BF5A9009A44DB /* SamoleQuizTests.swift in Sources */,
			);
			runOnlyForDeploymentPostprocessing = 0;
		};
		82DD1FBE285BF5A9009A44DB /* Sources */ = {
			isa = PBXSourcesBuildPhase;
			buildActionMask = 2147483647;
			files = (
				82DD1FC9285BF5A9009A44DB /* SamoleQuizUITestsLaunchTests.swift in Sources */,
				82DD1FC7285BF5A9009A44DB /* SamoleQuizUITests.swift in Sources */,
			);
			runOnlyForDeploymentPostprocessing = 0;
		};
/* End PBXSourcesBuildPhase section */

/* Begin PBXTargetDependency section */
		82DD1FBA285BF5A9009A44DB /* PBXTargetDependency */ = {
			isa = PBXTargetDependency;
			target = 82DD1FA1285BF5A8009A44DB /* SamoleQuiz */;
			targetProxy = 82DD1FB9285BF5A9009A44DB /* PBXContainerItemProxy */;
		};
		82DD1FC4285BF5A9009A44DB /* PBXTargetDependency */ = {
			isa = PBXTargetDependency;
			target = 82DD1FA1285BF5A8009A44DB /* SamoleQuiz */;
			targetProxy = 82DD1FC3285BF5A9009A44DB /* PBXContainerItemProxy */;
		};
/* End PBXTargetDependency section */

/* Begin PBXVariantGroup section */
		82DD1FAB285BF5A8009A44DB /* Main.storyboard */ = {
			isa = PBXVariantGroup;
			children = (
				82DD1FAC285BF5A8009A44DB /* Base */,
			);
			name = Main.storyboard;
			sourceTree = "<group>";
		};
		82DD1FB0285BF5A9009A44DB /* LaunchScreen.storyboard */ = {
			isa = PBXVariantGroup;
			children = (
				82DD1FB1285BF5A9009A44DB /* Base */,
			);
			name = LaunchScreen.storyboard;
			sourceTree = "<group>";
		};
/* End PBXVariantGroup section */

/* Begin XCBuildConfiguration section */
		82DD1FCA285BF5A9009A44DB /* Debug */ = {
			isa = XCBuildConfiguration;
			buildSettings = {
				ALWAYS_SEARCH_USER_PATHS = NO;
				CLANG_ANALYZER_NONNULL = YES;
				CLANG_ANALYZER_NUMBER_OBJECT_CONVERSION = YES_AGGRESSIVE;
				CLANG_CXX_LANGUAGE_STANDARD = "gnu++17";
				CLANG_ENABLE_MODULES = YES;
				CLANG_ENABLE_OBJC_ARC = YES;
				CLANG_ENABLE_OBJC_WEAK = YES;
				CLANG_WARN_BLOCK_CAPTURE_AUTORELEASING = YES;
				CLANG_WARN_BOOL_CONVERSION = YES;
				CLANG_WARN_COMMA = YES;
				CLANG_WARN_CONSTANT_CONVERSION = YES;
				CLANG_WARN_DEPRECATED_OBJC_IMPLEMENTATIONS = YES;
				CLANG_WARN_DIRECT_OBJC_ISA_USAGE = YES_ERROR;
				CLANG_WARN_DOCUMENTATION_COMMENTS = YES;
				CLANG_WARN_EMPTY_BODY = YES;
				CLANG_WARN_ENUM_CONVERSION = YES;
				CLANG_WARN_INFINITE_RECURSION = YES;
				CLANG_WARN_INT_CONVERSION = YES;
				CLANG_WARN_NON_LITERAL_NULL_CONVERSION = YES;
				CLANG_WARN_OBJC_IMPLICIT_RETAIN_SELF = YES;
				CLANG_WARN_OBJC_LITERAL_CONVERSION = YES;
				CLANG_WARN_OBJC_ROOT_CLASS = YES_ERROR;
				CLANG_WARN_QUOTED_INCLUDE_IN_FRAMEWORK_HEADER = YES;
				CLANG_WARN_RANGE_LOOP_ANALYSIS = YES;
				CLANG_WARN_STRICT_PROTOTYPES = YES;
				CLANG_WARN_SUSPICIOUS_MOVE = YES;
				CLANG_WARN_UNGUARDED_AVAILABILITY = YES_AGGRESSIVE;
				CLANG_WARN_UNREACHABLE_CODE = YES;
				CLANG_WARN__DUPLICATE_METHOD_MATCH = YES;
				COPY_PHASE_STRIP = NO;
				DEBUG_INFORMATION_FORMAT = dwarf;
				ENABLE_STRICT_OBJC_MSGSEND = YES;
				ENABLE_TESTABILITY = YES;
				GCC_C_LANGUAGE_STANDARD = gnu11;
				GCC_DYNAMIC_NO_PIC = NO;
				GCC_NO_COMMON_BLOCKS = YES;
				GCC_OPTIMIZATION_LEVEL = 0;
				GCC_PREPROCESSOR_DEFINITIONS = (
					"DEBUG=1",
					"$(inherited)",
				);
				GCC_WARN_64_TO_32_BIT_CONVERSION = YES;
				GCC_WARN_ABOUT_RETURN_TYPE = YES_ERROR;
				GCC_WARN_UNDECLARED_SELECTOR = YES;
				GCC_WARN_UNINITIALIZED_AUTOS = YES_AGGRESSIVE;
				GCC_WARN_UNUSED_FUNCTION = YES;
				GCC_WARN_UNUSED_VARIABLE = YES;
				IPHONEOS_DEPLOYMENT_TARGET = 15.5;
				MTL_ENABLE_DEBUG_INFO = INCLUDE_SOURCE;
				MTL_FAST_MATH = YES;
				ONLY_ACTIVE_ARCH = YES;
				SDKROOT = iphoneos;
				SWIFT_ACTIVE_COMPILATION_CONDITIONS = DEBUG;
				SWIFT_OPTIMIZATION_LEVEL = "-Onone";
			};
			name = Debug;
		};
		82DD1FCB285BF5A9009A44DB /* Release */ = {
			isa = XCBuildConfiguration;
			buildSettings = {
				ALWAYS_SEARCH_USER_PATHS = NO;
				CLANG_ANALYZER_NONNULL = YES;
				CLANG_ANALYZER_NUMBER_OBJECT_CONVERSION = YES_AGGRESSIVE;
				CLANG_CXX_LANGUAGE_STANDARD = "gnu++17";
				CLANG_ENABLE_MODULES = YES;
				CLANG_ENABLE_OBJC_ARC = YES;
				CLANG_ENABLE_OBJC_WEAK = YES;
				CLANG_WARN_BLOCK_CAPTURE_AUTORELEASING = YES;
				CLANG_WARN_BOOL_CONVERSION = YES;
				CLANG_WARN_COMMA = YES;
				CLANG_WARN_CONSTANT_CONVERSION = YES;
				CLANG_WARN_DEPRECATED_OBJC_IMPLEMENTATIONS = YES;
				CLANG_WARN_DIRECT_OBJC_ISA_USAGE = YES_ERROR;
				CLANG_WARN_DOCUMENTATION_COMMENTS = YES;
				CLANG_WARN_EMPTY_BODY = YES;
				CLANG_WARN_ENUM_CONVERSION = YES;
				CLANG_WARN_INFINITE_RECURSION = YES;
				CLANG_WARN_INT_CONVERSION = YES;
				CLANG_WARN_NON_LITERAL_NULL_CONVERSION = YES;
				CLANG_WARN_OBJC_IMPLICIT_RETAIN_SELF = YES;
				CLANG_WARN_OBJC_LITERAL_CONVERSION = YES;
				CLANG_WARN_OBJC_ROOT_CLASS = YES_ERROR;
				CLANG_WARN_QUOTED_INCLUDE_IN_FRAMEWORK_HEADER = YES;
				CLANG_WARN_RANGE_LOOP_ANALYSIS = YES;
				CLANG_WARN_STRICT_PROTOTYPES = YES;
				CLANG_WARN_SUSPICIOUS_MOVE = YES;
				CLANG_WARN_UNGUARDED_AVAILABILITY = YES_AGGRESSIVE;
				CLANG_WARN_UNREACHABLE_CODE = YES;
				CLANG_WARN__DUPLICATE_METHOD_MATCH = YES;
				COPY_PHASE_STRIP = NO;
				DEBUG_INFORMATION_FORMAT = "dwarf-with-dsym";
				ENABLE_NS_ASSERTIONS = NO;
				ENABLE_STRICT_OBJC_MSGSEND = YES;
				GCC_C_LANGUAGE_STANDARD = gnu11;
				GCC_NO_COMMON_BLOCKS = YES;
				GCC_WARN_64_TO_32_BIT_CONVERSION = YES;
				GCC_WARN_ABOUT_RETURN_TYPE = YES_ERROR;
				GCC_WARN_UNDECLARED_SELECTOR = YES;
				GCC_WARN_UNINITIALIZED_AUTOS = YES_AGGRESSIVE;
				GCC_WARN_UNUSED_FUNCTION = YES;
				GCC_WARN_UNUSED_VARIABLE = YES;
				IPHONEOS_DEPLOYMENT_TARGET = 15.5;
				MTL_ENABLE_DEBUG_INFO = NO;
				MTL_FAST_MATH = YES;
				SDKROOT = iphoneos;
				SWIFT_COMPILATION_MODE = wholemodule;
				SWIFT_OPTIMIZATION_LEVEL = "-O";
				VALIDATE_PRODUCT = YES;
			};
			name = Release;
		};
		82DD1FCD285BF5A9009A44DB /* Debug */ = {
			isa = XCBuildConfiguration;
			buildSettings = {
				ASSETCATALOG_COMPILER_APPICON_NAME = AppIcon;
				ASSETCATALOG_COMPILER_GLOBAL_ACCENT_COLOR_NAME = AccentColor;
				CODE_SIGN_STYLE = Automatic;
				CURRENT_PROJECT_VERSION = 1;
				DEVELOPMENT_TEAM = GQZ24SVQ96;
				GENERATE_INFOPLIST_FILE = YES;
				INFOPLIST_FILE = SamoleQuiz/Info.plist;
				INFOPLIST_KEY_UIApplicationSupportsIndirectInputEvents = YES;
				INFOPLIST_KEY_UILaunchStoryboardName = LaunchScreen;
				INFOPLIST_KEY_UIMainStoryboardFile = Main;
				INFOPLIST_KEY_UISupportedInterfaceOrientations_iPad = "UIInterfaceOrientationPortrait UIInterfaceOrientationPortraitUpsideDown UIInterfaceOrientationLandscapeLeft UIInterfaceOrientationLandscapeRight";
				INFOPLIST_KEY_UISupportedInterfaceOrientations_iPhone = "UIInterfaceOrientationPortrait UIInterfaceOrientationLandscapeLeft UIInterfaceOrientationLandscapeRight";
				LD_RUNPATH_SEARCH_PATHS = (
					"$(inherited)",
					"@executable_path/Frameworks",
				);
				MARKETING_VERSION = 1.0;
				PRODUCT_BUNDLE_IDENTIFIER = com.ostye.SamoleQuiz;
				PRODUCT_NAME = "$(TARGET_NAME)";
				SWIFT_EMIT_LOC_STRINGS = YES;
				SWIFT_VERSION = 5.0;
				TARGETED_DEVICE_FAMILY = "1,2";
			};
			name = Debug;
		};
		82DD1FCE285BF5A9009A44DB /* Release */ = {
			isa = XCBuildConfiguration;
			buildSettings = {
				ASSETCATALOG_COMPILER_APPICON_NAME = AppIcon;
				ASSETCATALOG_COMPILER_GLOBAL_ACCENT_COLOR_NAME = AccentColor;
				CODE_SIGN_STYLE = Automatic;
				CURRENT_PROJECT_VERSION = 1;
				DEVELOPMENT_TEAM = GQZ24SVQ96;
				GENERATE_INFOPLIST_FILE = YES;
				INFOPLIST_FILE = SamoleQuiz/Info.plist;
				INFOPLIST_KEY_UIApplicationSupportsIndirectInputEvents = YES;
				INFOPLIST_KEY_UILaunchStoryboardName = LaunchScreen;
				INFOPLIST_KEY_UIMainStoryboardFile = Main;
				INFOPLIST_KEY_UISupportedInterfaceOrientations_iPad = "UIInterfaceOrientationPortrait UIInterfaceOrientationPortraitUpsideDown UIInterfaceOrientationLandscapeLeft UIInterfaceOrientationLandscapeRight";
				INFOPLIST_KEY_UISupportedInterfaceOrientations_iPhone = "UIInterfaceOrientationPortrait UIInterfaceOrientationLandscapeLeft UIInterfaceOrientationLandscapeRight";
				LD_RUNPATH_SEARCH_PATHS = (
					"$(inherited)",
					"@executable_path/Frameworks",
				);
				MARKETING_VERSION = 1.0;
				PRODUCT_BUNDLE_IDENTIFIER = com.ostye.SamoleQuiz;
				PRODUCT_NAME = "$(TARGET_NAME)";
				SWIFT_EMIT_LOC_STRINGS = YES;
				SWIFT_VERSION = 5.0;
				TARGETED_DEVICE_FAMILY = "1,2";
			};
			name = Release;
		};
		82DD1FD0285BF5A9009A44DB /* Debug */ = {
			isa = XCBuildConfiguration;
			buildSettings = {
				ALWAYS_EMBED_SWIFT_STANDARD_LIBRARIES = YES;
				BUNDLE_LOADER = "$(TEST_HOST)";
				CODE_SIGN_STYLE = Automatic;
				CURRENT_PROJECT_VERSION = 1;
				DEVELOPMENT_TEAM = GQZ24SVQ96;
				GENERATE_INFOPLIST_FILE = YES;
				IPHONEOS_DEPLOYMENT_TARGET = 15.5;
				MARKETING_VERSION = 1.0;
				PRODUCT_BUNDLE_IDENTIFIER = com.ostye.SamoleQuizTests;
				PRODUCT_NAME = "$(TARGET_NAME)";
				SWIFT_EMIT_LOC_STRINGS = NO;
				SWIFT_VERSION = 5.0;
				TARGETED_DEVICE_FAMILY = "1,2";
				TEST_HOST = "$(BUILT_PRODUCTS_DIR)/SamoleQuiz.app/SamoleQuiz";
			};
			name = Debug;
		};
		82DD1FD1285BF5A9009A44DB /* Release */ = {
			isa = XCBuildConfiguration;
			buildSettings = {
				ALWAYS_EMBED_SWIFT_STANDARD_LIBRARIES = YES;
				BUNDLE_LOADER = "$(TEST_HOST)";
				CODE_SIGN_STYLE = Automatic;
				CURRENT_PROJECT_VERSION = 1;
				DEVELOPMENT_TEAM = GQZ24SVQ96;
				GENERATE_INFOPLIST_FILE = YES;
				IPHONEOS_DEPLOYMENT_TARGET = 15.5;
				MARKETING_VERSION = 1.0;
				PRODUCT_BUNDLE_IDENTIFIER = com.ostye.SamoleQuizTests;
				PRODUCT_NAME = "$(TARGET_NAME)";
				SWIFT_EMIT_LOC_STRINGS = NO;
				SWIFT_VERSION = 5.0;
				TARGETED_DEVICE_FAMILY = "1,2";
				TEST_HOST = "$(BUILT_PRODUCTS_DIR)/SamoleQuiz.app/SamoleQuiz";
			};
			name = Release;
		};
		82DD1FD3285BF5A9009A44DB /* Debug */ = {
			isa = XCBuildConfiguration;
			buildSettings = {
				ALWAYS_EMBED_SWIFT_STANDARD_LIBRARIES = YES;
				CODE_SIGN_STYLE = Automatic;
				CURRENT_PROJECT_VERSION = 1;
				DEVELOPMENT_TEAM = GQZ24SVQ96;
				GENERATE_INFOPLIST_FILE = YES;
				MARKETING_VERSION = 1.0;
				PRODUCT_BUNDLE_IDENTIFIER = com.ostye.SamoleQuizUITests;
				PRODUCT_NAME = "$(TARGET_NAME)";
				SWIFT_EMIT_LOC_STRINGS = NO;
				SWIFT_VERSION = 5.0;
				TARGETED_DEVICE_FAMILY = "1,2";
				TEST_TARGET_NAME = SamoleQuiz;
			};
			name = Debug;
		};
		82DD1FD4285BF5A9009A44DB /* Release */ = {
			isa = XCBuildConfiguration;
			buildSettings = {
				ALWAYS_EMBED_SWIFT_STANDARD_LIBRARIES = YES;
				CODE_SIGN_STYLE = Automatic;
				CURRENT_PROJECT_VERSION = 1;
				DEVELOPMENT_TEAM = GQZ24SVQ96;
				GENERATE_INFOPLIST_FILE = YES;
				MARKETING_VERSION = 1.0;
				PRODUCT_BUNDLE_IDENTIFIER = com.ostye.SamoleQuizUITests;
				PRODUCT_NAME = "$(TARGET_NAME)";
				SWIFT_EMIT_LOC_STRINGS = NO;
				SWIFT_VERSION = 5.0;
				TARGETED_DEVICE_FAMILY = "1,2";
				TEST_TARGET_NAME = SamoleQuiz;
			};
			name = Release;
		};
/* End XCBuildConfiguration section */

/* Begin XCConfigurationList section */
		82DD1F9D285BF5A8009A44DB /* Build configuration list for PBXProject "SamoleQuiz" */ = {
			isa = XCConfigurationList;
			buildConfigurations = (
				82DD1FCA285BF5A9009A44DB /* Debug */,
				82DD1FCB285BF5A9009A44DB /* Release */,
			);
			defaultConfigurationIsVisible = 0;
			defaultConfigurationName = Release;
		};
		82DD1FCC285BF5A9009A44DB /* Build configuration list for PBXNativeTarget "SamoleQuiz" */ = {
			isa = XCConfigurationList;
			buildConfigurations = (
				82DD1FCD285BF5A9009A44DB /* Debug */,
				82DD1FCE285BF5A9009A44DB /* Release */,
			);
			defaultConfigurationIsVisible = 0;
			defaultConfigurationName = Release;
		};
		82DD1FCF285BF5A9009A44DB /* Build configuration list for PBXNativeTarget "SamoleQuizTests" */ = {
			isa = XCConfigurationList;
			buildConfigurations = (
				82DD1FD0285BF5A9009A44DB /* Debug */,
				82DD1FD1285BF5A9009A44DB /* Release */,
			);
			defaultConfigurationIsVisible = 0;
			defaultConfigurationName = Release;
		};
		82DD1FD2285BF5A9009A44DB /* Build configuration list for PBXNativeTarget "SamoleQuizUITests" */ = {
			isa = XCConfigurationList;
			buildConfigurations = (
				82DD1FD3285BF5A9009A44DB /* Debug */,
				82DD1FD4285BF5A9009A44DB /* Release */,
			);
			defaultConfigurationIsVisible = 0;
			defaultConfigurationName = Release;
		};
/* End XCConfigurationList section */
	};
	rootObject = 82DD1F9A285BF5A8009A44DB /* Project object */;
}
